
Microsoft Visual Studio Solution File, Format Version 12.00
# Visual Studio Version 17
VisualStudioVersion = 17.3.32929.385
MinimumVisualStudioVersion = 10.0.40219.1
Project("{9A19103F-16F7-4668-BE54-9A1E7A4F7556}") = "BotoGP.Blazor", "BotoGP.Blazor\BotoGP.Blazor.csproj", "{FBBC4309-1120-42B8-A666-36D8FF8BB270}"
EndProject
Project("{FAE04EC0-301F-11D3-BF4B-00C04F79EFBC}") = "BotoGP.Engine", "BotoGP.Engine\BotoGP.Engine.csproj", "{1D032EA9-BF32-4ABE-BA72-63EB0A343774}"
EndProject
Global
	GlobalSection(SolutionConfigurationPlatforms) = preSolution
		Debug|Any CPU = Debug|Any CPU
		Release|Any CPU = Release|Any CPU
	EndGlobalSection
	GlobalSection(ProjectConfigurationPlatforms) = postSolution
		{FBBC4309-1120-42B8-A666-36D8FF8BB270}.Debug|Any CPU.ActiveCfg = Debug|Any CPU
		{FBBC4309-1120-42B8-A666-36D8FF8BB270}.Debug|Any CPU.Build.0 = Debug|Any CPU
		{FBBC4309-1120-42B8-A666-36D8FF8BB270}.Release|Any CPU.ActiveCfg = Release|Any CPU
		{FBBC4309-1120-42B8-A666-36D8FF8BB270}.Release|Any CPU.Build.0 = Release|Any CPU
		{1D032EA9-BF32-4ABE-BA72-63EB0A343774}.Debug|Any CPU.ActiveCfg = Debug|Any CPU
		{1D032EA9-BF32-4ABE-BA72-63EB0A343774}.Debug|Any CPU.Build.0 = Debug|Any CPU
		{1D032EA9-BF32-4ABE-BA72-63EB0A343774}.Release|Any CPU.ActiveCfg = Release|Any CPU
		{1D032EA9-BF32-4ABE-BA72-63EB0A343774}.Release|Any CPU.Build.0 = Release|Any CPU
	EndGlobalSection
	GlobalSection(SolutionProperties) = preSolution
		HideSolutionNode = FALSE
	EndGlobalSection
	GlobalSection(ExtensibilityGlobals) = postSolution
		SolutionGuid = {FE71D952-054C-4BCC-92D8-6D4C1A50EF45}
	EndGlobalSection
EndGlobal
